
Microsoft Visual Studio Solution File, Format Version 12.00
# Visual Studio Version 17
VisualStudioVersion = 17.9.34701.34
MinimumVisualStudioVersion = 10.0.40219.1
Project("{FAE04EC0-301F-11D3-BF4B-00C04F79EFBC}") = "GitDemoApp", "GitDemoApp\GitDemoApp.csproj", "{F3FFC59E-90A3-4247-AFBC-F81D79A0E4CE}"
EndProject
Global
	GlobalSection(SolutionConfigurationPlatforms) = preSolution
		Debug|Any CPU = Debug|Any CPU
		Release|Any CPU = Release|Any CPU
	EndGlobalSection
	GlobalSection(ProjectConfigurationPlatforms) = postSolution
		{F3FFC59E-90A3-4247-AFBC-F81D79A0E4CE}.Debug|Any CPU.ActiveCfg = Debug|Any CPU
		{F3FFC59E-90A3-4247-AFBC-F81D79A0E4CE}.Debug|Any CPU.Build.0 = Debug|Any CPU
		{F3FFC59E-90A3-4247-AFBC-F81D79A0E4CE}.Release|Any CPU.ActiveCfg = Release|Any CPU
		{F3FFC59E-90A3-4247-AFBC-F81D79A0E4CE}.Release|Any CPU.Build.0 = Release|Any CPU
	EndGlobalSection
	GlobalSection(SolutionProperties) = preSolution
		HideSolutionNode = FALSE
	EndGlobalSection
	GlobalSection(ExtensibilityGlobals) = postSolution
		SolutionGuid = {F77D0E4B-AE5A-461F-B6AE-13409AF08235}
	EndGlobalSection
EndGlobal
